
Microsoft Visual Studio Solution File, Format Version 12.00
# Visual Studio Version 17
VisualStudioVersion = 17.14.36202.13
MinimumVisualStudioVersion = 10.0.40219.1
Project("{FAE04EC0-301F-11D3-BF4B-00C04F79EFBC}") = "WpfApp1", "WpfApp1\WpfApp1.csproj", "{8D580DA9-62D8-411D-9A57-0FF849394447}"
EndProject
Project("{FAE04EC0-301F-11D3-BF4B-00C04F79EFBC}") = "EasyArtistry.MiddleLayer", "..\middle_layer\EasyArtistry.MiddleLayer.csproj", "{5D91F989-DF70-68B1-665E-C1460D28E335}"
EndProject
Global
	GlobalSection(SolutionConfigurationPlatforms) = preSolution
		Debug|Any CPU = Debug|Any CPU
		Release|Any CPU = Release|Any CPU
	EndGlobalSection
	GlobalSection(ProjectConfigurationPlatforms) = postSolution
		{8D580DA9-62D8-411D-9A57-0FF849394447}.Debug|Any CPU.ActiveCfg = Debug|Any CPU
		{8D580DA9-62D8-411D-9A57-0FF849394447}.Debug|Any CPU.Build.0 = Debug|Any CPU
		{8D580DA9-62D8-411D-9A57-0FF849394447}.Release|Any CPU.ActiveCfg = Release|Any CPU
		{8D580DA9-62D8-411D-9A57-0FF849394447}.Release|Any CPU.Build.0 = Release|Any CPU
		{5D91F989-DF70-68B1-665E-C1460D28E335}.Debug|Any CPU.ActiveCfg = Debug|Any CPU
		{5D91F989-DF70-68B1-665E-C1460D28E335}.Debug|Any CPU.Build.0 = Debug|Any CPU
		{5D91F989-DF70-68B1-665E-C1460D28E335}.Release|Any CPU.ActiveCfg = Release|Any CPU
		{5D91F989-DF70-68B1-665E-C1460D28E335}.Release|Any CPU.Build.0 = Release|Any CPU
	EndGlobalSection
	GlobalSection(SolutionProperties) = preSolution
		HideSolutionNode = FALSE
	EndGlobalSection
	GlobalSection(ExtensibilityGlobals) = postSolution
		SolutionGuid = {504CC4BF-A464-4E83-8293-DCF6920E1DF6}
	EndGlobalSection
EndGlobal
